
Microsoft Visual Studio Solution File, Format Version 12.00
# Visual Studio Version 16
VisualStudioVersion = 16.0.29806.167
MinimumVisualStudioVersion = 10.0.40219.1
Project("{9A19103F-16F7-4668-BE54-9A1E7A4F7556}") = "Password.Domain", "Password.Domain\Password.Domain.csproj", "{7189FA5E-FD92-4F49-B291-DC5D21A81CD8}"
EndProject
Project("{9A19103F-16F7-4668-BE54-9A1E7A4F7556}") = "Password.Infra", "Password.Infra\Password.Infra.csproj", "{9E03D1ED-1B6A-47A5-A263-32F7383DA0A6}"
EndProject
Project("{9A19103F-16F7-4668-BE54-9A1E7A4F7556}") = "Password.Application", "Password.Application\Password.Application.csproj", "{F28508D0-E52F-4E33-B64B-78C6599C85E4}"
EndProject
Global
	GlobalSection(SolutionConfigurationPlatforms) = preSolution
		Debug|Any CPU = Debug|Any CPU
		Release|Any CPU = Release|Any CPU
	EndGlobalSection
	GlobalSection(ProjectConfigurationPlatforms) = postSolution
		{7189FA5E-FD92-4F49-B291-DC5D21A81CD8}.Debug|Any CPU.ActiveCfg = Debug|Any CPU
		{7189FA5E-FD92-4F49-B291-DC5D21A81CD8}.Debug|Any CPU.Build.0 = Debug|Any CPU
		{7189FA5E-FD92-4F49-B291-DC5D21A81CD8}.Release|Any CPU.ActiveCfg = Release|Any CPU
		{7189FA5E-FD92-4F49-B291-DC5D21A81CD8}.Release|Any CPU.Build.0 = Release|Any CPU
		{9E03D1ED-1B6A-47A5-A263-32F7383DA0A6}.Debug|Any CPU.ActiveCfg = Debug|Any CPU
		{9E03D1ED-1B6A-47A5-A263-32F7383DA0A6}.Debug|Any CPU.Build.0 = Debug|Any CPU
		{9E03D1ED-1B6A-47A5-A263-32F7383DA0A6}.Release|Any CPU.ActiveCfg = Release|Any CPU
		{9E03D1ED-1B6A-47A5-A263-32F7383DA0A6}.Release|Any CPU.Build.0 = Release|Any CPU
		{F28508D0-E52F-4E33-B64B-78C6599C85E4}.Debug|Any CPU.ActiveCfg = Debug|Any CPU
		{F28508D0-E52F-4E33-B64B-78C6599C85E4}.Debug|Any CPU.Build.0 = Debug|Any CPU
		{F28508D0-E52F-4E33-B64B-78C6599C85E4}.Release|Any CPU.ActiveCfg = Release|Any CPU
		{F28508D0-E52F-4E33-B64B-78C6599C85E4}.Release|Any CPU.Build.0 = Release|Any CPU
	EndGlobalSection
	GlobalSection(SolutionProperties) = preSolution
		HideSolutionNode = FALSE
	EndGlobalSection
	GlobalSection(ExtensibilityGlobals) = postSolution
		SolutionGuid = {E6E4A695-D2EC-4ABA-9970-BD56132A89EF}
	EndGlobalSection
EndGlobal
